// !$*UTF8*$!
{
	archiveVersion = 1;
	classes = {
	};
	objectVersion = 50;
	objects = {

/* Begin PBXBuildFile section */
		6E925AED26D192A400AA5F33 /* EmojiRating.swift in Sources */ = {isa = PBXBuildFile; fileRef = 6E925AEC26D192A400AA5F33 /* EmojiRating.swift */; };
		6E925AF126D192CA00AA5F33 /* EmojiViewCell.swift in Sources */ = {isa = PBXBuildFile; fileRef = 6E925AF026D192CA00AA5F33 /* EmojiViewCell.swift */; };
		6E925AF326D192E200AA5F33 /* RatingOverlayView.swift in Sources */ = {isa = PBXBuildFile; fileRef = 6E925AF226D192E200AA5F33 /* RatingOverlayView.swift */; };
		6E925AF526D192F600AA5F33 /* EmojiViewController.swift in Sources */ = {isa = PBXBuildFile; fileRef = 6E925AF426D192F600AA5F33 /* EmojiViewController.swift */; };
		6E925AFC26D1957000AA5F33 /* DataLoadOperation.swift in Sources */ = {isa = PBXBuildFile; fileRef = 6E925AFB26D1957000AA5F33 /* DataLoadOperation.swift */; };
		6E925AFE26D1959700AA5F33 /* EmojiService.swift in Sources */ = {isa = PBXBuildFile; fileRef = 6E925AFD26D1959700AA5F33 /* EmojiService.swift */; };
		6E925B0026D1961B00AA5F33 /* EmojiPresenter.swift in Sources */ = {isa = PBXBuildFile; fileRef = 6E925AFF26D1961B00AA5F33 /* EmojiPresenter.swift */; };
		6E925B0526D1B28300AA5F33 /* CodeView.swift in Sources */ = {isa = PBXBuildFile; fileRef = 6E925B0426D1B28300AA5F33 /* CodeView.swift */; };
		6E9CAF5226BDC3E700A137BA /* AppDelegate.swift in Sources */ = {isa = PBXBuildFile; fileRef = 6E9CAF5126BDC3E700A137BA /* AppDelegate.swift */; };
		6E9CAF5426BDC3E700A137BA /* SceneDelegate.swift in Sources */ = {isa = PBXBuildFile; fileRef = 6E9CAF5326BDC3E700A137BA /* SceneDelegate.swift */; };
		6E9CAF5B26BDC3EA00A137BA /* Assets.xcassets in Resources */ = {isa = PBXBuildFile; fileRef = 6E9CAF5A26BDC3EA00A137BA /* Assets.xcassets */; };
		6E9CAF5E26BDC3EA00A137BA /* LaunchScreen.storyboard in Resources */ = {isa = PBXBuildFile; fileRef = 6E9CAF5C26BDC3EA00A137BA /* LaunchScreen.storyboard */; };
/* End PBXBuildFile section */

/* Begin PBXFileReference section */
		6E925AEC26D192A400AA5F33 /* EmojiRating.swift */ = {isa = PBXFileReference; lastKnownFileType = sourcecode.swift; path = EmojiRating.swift; sourceTree = "<group>"; };
		6E925AF026D192CA00AA5F33 /* EmojiViewCell.swift */ = {isa = PBXFileReference; lastKnownFileType = sourcecode.swift; path = EmojiViewCell.swift; sourceTree = "<group>"; };
		6E925AF226D192E200AA5F33 /* RatingOverlayView.swift */ = {isa = PBXFileReference; lastKnownFileType = sourcecode.swift; path = RatingOverlayView.swift; sourceTree = "<group>"; };
		6E925AF426D192F600AA5F33 /* EmojiViewController.swift */ = {isa = PBXFileReference; lastKnownFileType = sourcecode.swift; path = EmojiViewController.swift; sourceTree = "<group>"; };
		6E925AFB26D1957000AA5F33 /* DataLoadOperation.swift */ = {isa = PBXFileReference; lastKnownFileType = sourcecode.swift; path = DataLoadOperation.swift; sourceTree = "<group>"; };
		6E925AFD26D1959700AA5F33 /* EmojiService.swift */ = {isa = PBXFileReference; lastKnownFileType = sourcecode.swift; path = EmojiService.swift; sourceTree = "<group>"; };
		6E925AFF26D1961B00AA5F33 /* EmojiPresenter.swift */ = {isa = PBXFileReference; lastKnownFileType = sourcecode.swift; path = EmojiPresenter.swift; sourceTree = "<group>"; };
		6E925B0426D1B28300AA5F33 /* CodeView.swift */ = {isa = PBXFileReference; lastKnownFileType = sourcecode.swift; path = CodeView.swift; sourceTree = "<group>"; };
		6E9CAF4E26BDC3E700A137BA /* EmojiRater.app */ = {isa = PBXFileReference; explicitFileType = wrapper.application; includeInIndex = 0; path = EmojiRater.app; sourceTree = BUILT_PRODUCTS_DIR; };
		6E9CAF5126BDC3E700A137BA /* AppDelegate.swift */ = {isa = PBXFileReference; lastKnownFileType = sourcecode.swift; path = AppDelegate.swift; sourceTree = "<group>"; };
		6E9CAF5326BDC3E700A137BA /* SceneDelegate.swift */ = {isa = PBXFileReference; lastKnownFileType = sourcecode.swift; path = SceneDelegate.swift; sourceTree = "<group>"; };
		6E9CAF5A26BDC3EA00A137BA /* Assets.xcassets */ = {isa = PBXFileReference; lastKnownFileType = folder.assetcatalog; path = Assets.xcassets; sourceTree = "<group>"; };
		6E9CAF5D26BDC3EA00A137BA /* Base */ = {isa = PBXFileReference; lastKnownFileType = file.storyboard; name = Base; path = Base.lproj/LaunchScreen.storyboard; sourceTree = "<group>"; };
		6E9CAF5F26BDC3EA00A137BA /* Info.plist */ = {isa = PBXFileReference; lastKnownFileType = text.plist.xml; path = Info.plist; sourceTree = "<group>"; };
/* End PBXFileReference section */

/* Begin PBXFrameworksBuildPhase section */
		6E9CAF4B26BDC3E700A137BA /* Frameworks */ = {
			isa = PBXFrameworksBuildPhase;
			buildActionMask = 2147483647;
			files = (
			);
			runOnlyForDeploymentPostprocessing = 0;
		};
/* End PBXFrameworksBuildPhase section */

/* Begin PBXGroup section */
		6E925AEA26D1925100AA5F33 /* ResourceFiles */ = {
			isa = PBXGroup;
			children = (
				6E9CAF5A26BDC3EA00A137BA /* Assets.xcassets */,
				6E9CAF5C26BDC3EA00A137BA /* LaunchScreen.storyboard */,
				6E9CAF5F26BDC3EA00A137BA /* Info.plist */,
			);
			path = ResourceFiles;
			sourceTree = "<group>";
		};
		6E925AEB26D1928000AA5F33 /* Scenes */ = {
			isa = PBXGroup;
			children = (
				6E925AF626D1933B00AA5F33 /* EmojiList */,
			);
			path = Scenes;
			sourceTree = "<group>";
		};
		6E925AF626D1933B00AA5F33 /* EmojiList */ = {
			isa = PBXGroup;
			children = (
				6E925AFA26D1935D00AA5F33 /* Network */,
				6E925AF726D1934700AA5F33 /* Model */,
				6E925AF926D1935200AA5F33 /* Presenter */,
				6E925AF826D1934D00AA5F33 /* View */,
			);
			path = EmojiList;
			sourceTree = "<group>";
		};
		6E925AF726D1934700AA5F33 /* Model */ = {
			isa = PBXGroup;
			children = (
				6E925AEC26D192A400AA5F33 /* EmojiRating.swift */,
			);
			path = Model;
			sourceTree = "<group>";
		};
		6E925AF826D1934D00AA5F33 /* View */ = {
			isa = PBXGroup;
			children = (
				6E925B0226D1977900AA5F33 /* Cell */,
				6E925B0126D1977500AA5F33 /* RatingOverlay */,
				6E925AF426D192F600AA5F33 /* EmojiViewController.swift */,
			);
			path = View;
			sourceTree = "<group>";
		};
		6E925AF926D1935200AA5F33 /* Presenter */ = {
			isa = PBXGroup;
			children = (
				6E925AFB26D1957000AA5F33 /* DataLoadOperation.swift */,
				6E925AFF26D1961B00AA5F33 /* EmojiPresenter.swift */,
			);
			path = Presenter;
			sourceTree = "<group>";
		};
		6E925AFA26D1935D00AA5F33 /* Network */ = {
			isa = PBXGroup;
			children = (
				6E925AFD26D1959700AA5F33 /* EmojiService.swift */,
			);
			path = Network;
			sourceTree = "<group>";
		};
		6E925B0126D1977500AA5F33 /* RatingOverlay */ = {
			isa = PBXGroup;
			children = (
				6E925AF226D192E200AA5F33 /* RatingOverlayView.swift */,
			);
			path = RatingOverlay;
			sourceTree = "<group>";
		};
		6E925B0226D1977900AA5F33 /* Cell */ = {
			isa = PBXGroup;
			children = (
				6E925AF026D192CA00AA5F33 /* EmojiViewCell.swift */,
			);
			path = Cell;
			sourceTree = "<group>";
		};
		6E925B0326D1B27A00AA5F33 /* Helper */ = {
			isa = PBXGroup;
			children = (
				6E925B0426D1B28300AA5F33 /* CodeView.swift */,
			);
			path = Helper;
			sourceTree = "<group>";
		};
		6E9CAF4526BDC3E700A137BA = {
			isa = PBXGroup;
			children = (
				6E9CAF5026BDC3E700A137BA /* EmojiRater */,
				6E9CAF4F26BDC3E700A137BA /* Products */,
			);
			sourceTree = "<group>";
		};
		6E9CAF4F26BDC3E700A137BA /* Products */ = {
			isa = PBXGroup;
			children = (
				6E9CAF4E26BDC3E700A137BA /* EmojiRater.app */,
			);
			name = Products;
			sourceTree = "<group>";
		};
		6E9CAF5026BDC3E700A137BA /* EmojiRater */ = {
			isa = PBXGroup;
			children = (
				6E9CAF5126BDC3E700A137BA /* AppDelegate.swift */,
				6E9CAF5326BDC3E700A137BA /* SceneDelegate.swift */,
				6E925B0326D1B27A00AA5F33 /* Helper */,
				6E925AEB26D1928000AA5F33 /* Scenes */,
				6E925AEA26D1925100AA5F33 /* ResourceFiles */,
			);
			path = EmojiRater;
			sourceTree = "<group>";
		};
/* End PBXGroup section */

/* Begin PBXNativeTarget section */
		6E9CAF4D26BDC3E700A137BA /* EmojiRater */ = {
			isa = PBXNativeTarget;
			buildConfigurationList = 6E9CAF6226BDC3EA00A137BA /* Build configuration list for PBXNativeTarget "EmojiRater" */;
			buildPhases = (
				6E9CAF4A26BDC3E700A137BA /* Sources */,
				6E9CAF4B26BDC3E700A137BA /* Frameworks */,
				6E9CAF4C26BDC3E700A137BA /* Resources */,
			);
			buildRules = (
			);
			dependencies = (
			);
			name = EmojiRater;
			productName = EmojiRater;
			productReference = 6E9CAF4E26BDC3E700A137BA /* EmojiRater.app */;
			productType = "com.apple.product-type.application";
		};
/* End PBXNativeTarget section */

/* Begin PBXProject section */
		6E9CAF4626BDC3E700A137BA /* Project object */ = {
			isa = PBXProject;
			attributes = {
				LastSwiftUpdateCheck = 1240;
				LastUpgradeCheck = 1240;
				TargetAttributes = {
					6E9CAF4D26BDC3E700A137BA = {
						CreatedOnToolsVersion = 12.4;
					};
				};
			};
			buildConfigurationList = 6E9CAF4926BDC3E700A137BA /* Build configuration list for PBXProject "EmojiRater" */;
			compatibilityVersion = "Xcode 9.3";
			developmentRegion = en;
			hasScannedForEncodings = 0;
			knownRegions = (
				en,
				Base,
			);
			mainGroup = 6E9CAF4526BDC3E700A137BA;
			productRefGroup = 6E9CAF4F26BDC3E700A137BA /* Products */;
			projectDirPath = "";
			projectRoot = "";
			targets = (
				6E9CAF4D26BDC3E700A137BA /* EmojiRater */,
			);
		};
/* End PBXProject section */

/* Begin PBXResourcesBuildPhase section */
		6E9CAF4C26BDC3E700A137BA /* Resources */ = {
			isa = PBXResourcesBuildPhase;
			buildActionMask = 2147483647;
			files = (
				6E9CAF5E26BDC3EA00A137BA /* LaunchScreen.storyboard in Resources */,
				6E9CAF5B26BDC3EA00A137BA /* Assets.xcassets in Resources */,
			);
			runOnlyForDeploymentPostprocessing = 0;
		};
/* End PBXResourcesBuildPhase section */

/* Begin PBXSourcesBuildPhase section */
		6E9CAF4A26BDC3E700A137BA /* Sources */ = {
			isa = PBXSourcesBuildPhase;
			buildActionMask = 2147483647;
			files = (
				6E925AF326D192E200AA5F33 /* RatingOverlayView.swift in Sources */,
				6E925AF126D192CA00AA5F33 /* EmojiViewCell.swift in Sources */,
				6E9CAF5226BDC3E700A137BA /* AppDelegate.swift in Sources */,
				6E925AFE26D1959700AA5F33 /* EmojiService.swift in Sources */,
				6E9CAF5426BDC3E700A137BA /* SceneDelegate.swift in Sources */,
				6E925B0526D1B28300AA5F33 /* CodeView.swift in Sources */,
				6E925AFC26D1957000AA5F33 /* DataLoadOperation.swift in Sources */,
				6E925AF526D192F600AA5F33 /* EmojiViewController.swift in Sources */,
				6E925AED26D192A400AA5F33 /* EmojiRating.swift in Sources */,
				6E925B0026D1961B00AA5F33 /* EmojiPresenter.swift in Sources */,
			);
			runOnlyForDeploymentPostprocessing = 0;
		};
/* End PBXSourcesBuildPhase section */

/* Begin PBXVariantGroup section */
		6E9CAF5C26BDC3EA00A137BA /* LaunchScreen.storyboard */ = {
			isa = PBXVariantGroup;
			children = (
				6E9CAF5D26BDC3EA00A137BA /* Base */,
			);
			name = LaunchScreen.storyboard;
			sourceTree = "<group>";
		};
/* End PBXVariantGroup section */

/* Begin XCBuildConfiguration section */
		6E9CAF6026BDC3EA00A137BA /* Debug */ = {
			isa = XCBuildConfiguration;
			buildSettings = {
				ALWAYS_SEARCH_USER_PATHS = NO;
				CLANG_ANALYZER_NONNULL = YES;
				CLANG_ANALYZER_NUMBER_OBJECT_CONVERSION = YES_AGGRESSIVE;
				CLANG_CXX_LANGUAGE_STANDARD = "gnu++14";
				CLANG_CXX_LIBRARY = "libc++";
				CLANG_ENABLE_MODULES = YES;
				CLANG_ENABLE_OBJC_ARC = YES;
				CLANG_ENABLE_OBJC_WEAK = YES;
				CLANG_WARN_BLOCK_CAPTURE_AUTORELEASING = YES;
				CLANG_WARN_BOOL_CONVERSION = YES;
				CLANG_WARN_COMMA = YES;
				CLANG_WARN_CONSTANT_CONVERSION = YES;
				CLANG_WARN_DEPRECATED_OBJC_IMPLEMENTATIONS = YES;
				CLANG_WARN_DIRECT_OBJC_ISA_USAGE = YES_ERROR;
				CLANG_WARN_DOCUMENTATION_COMMENTS = YES;
				CLANG_WARN_EMPTY_BODY = YES;
				CLANG_WARN_ENUM_CONVERSION = YES;
				CLANG_WARN_INFINITE_RECURSION = YES;
				CLANG_WARN_INT_CONVERSION = YES;
				CLANG_WARN_NON_LITERAL_NULL_CONVERSION = YES;
				CLANG_WARN_OBJC_IMPLICIT_RETAIN_SELF = YES;
				CLANG_WARN_OBJC_LITERAL_CONVERSION = YES;
				CLANG_WARN_OBJC_ROOT_CLASS = YES_ERROR;
				CLANG_WARN_QUOTED_INCLUDE_IN_FRAMEWORK_HEADER = YES;
				CLANG_WARN_RANGE_LOOP_ANALYSIS = YES;
				CLANG_WARN_STRICT_PROTOTYPES = YES;
				CLANG_WARN_SUSPICIOUS_MOVE = YES;
				CLANG_WARN_UNGUARDED_AVAILABILITY = YES_AGGRESSIVE;
				CLANG_WARN_UNREACHABLE_CODE = YES;
				CLANG_WARN__DUPLICATE_METHOD_MATCH = YES;
				COPY_PHASE_STRIP = NO;
				DEBUG_INFORMATION_FORMAT = dwarf;
				ENABLE_STRICT_OBJC_MSGSEND = YES;
				ENABLE_TESTABILITY = YES;
				GCC_C_LANGUAGE_STANDARD = gnu11;
				GCC_DYNAMIC_NO_PIC = NO;
				GCC_NO_COMMON_BLOCKS = YES;
				GCC_OPTIMIZATION_LEVEL = 0;
				GCC_PREPROCESSOR_DEFINITIONS = (
					"DEBUG=1",
					"$(inherited)",
				);
				GCC_WARN_64_TO_32_BIT_CONVERSION = YES;
				GCC_WARN_ABOUT_RETURN_TYPE = YES_ERROR;
				GCC_WARN_UNDECLARED_SELECTOR = YES;
				GCC_WARN_UNINITIALIZED_AUTOS = YES_AGGRESSIVE;
				GCC_WARN_UNUSED_FUNCTION = YES;
				GCC_WARN_UNUSED_VARIABLE = YES;
				IPHONEOS_DEPLOYMENT_TARGET = 14.4;
				MTL_ENABLE_DEBUG_INFO = INCLUDE_SOURCE;
				MTL_FAST_MATH = YES;
				ONLY_ACTIVE_ARCH = YES;
				SDKROOT = iphoneos;
				SWIFT_ACTIVE_COMPILATION_CONDITIONS = DEBUG;
				SWIFT_OPTIMIZATION_LEVEL = "-Onone";
			};
			name = Debug;
		};
		6E9CAF6126BDC3EA00A137BA /* Release */ = {
			isa = XCBuildConfiguration;
			buildSettings = {
				ALWAYS_SEARCH_USER_PATHS = NO;
				CLANG_ANALYZER_NONNULL = YES;
				CLANG_ANALYZER_NUMBER_OBJECT_CONVERSION = YES_AGGRESSIVE;
				CLANG_CXX_LANGUAGE_STANDARD = "gnu++14";
				CLANG_CXX_LIBRARY = "libc++";
				CLANG_ENABLE_MODULES = YES;
				CLANG_ENABLE_OBJC_ARC = YES;
				CLANG_ENABLE_OBJC_WEAK = YES;
				CLANG_WARN_BLOCK_CAPTURE_AUTORELEASING = YES;
				CLANG_WARN_BOOL_CONVERSION = YES;
				CLANG_WARN_COMMA = YES;
				CLANG_WARN_CONSTANT_CONVERSION = YES;
				CLANG_WARN_DEPRECATED_OBJC_IMPLEMENTATIONS = YES;
				CLANG_WARN_DIRECT_OBJC_ISA_USAGE = YES_ERROR;
				CLANG_WARN_DOCUMENTATION_COMMENTS = YES;
				CLANG_WARN_EMPTY_BODY = YES;
				CLANG_WARN_ENUM_CONVERSION = YES;
				CLANG_WARN_INFINITE_RECURSION = YES;
				CLANG_WARN_INT_CONVERSION = YES;
				CLANG_WARN_NON_LITERAL_NULL_CONVERSION = YES;
				CLANG_WARN_OBJC_IMPLICIT_RETAIN_SELF = YES;
				CLANG_WARN_OBJC_LITERAL_CONVERSION = YES;
				CLANG_WARN_OBJC_ROOT_CLASS = YES_ERROR;
				CLANG_WARN_QUOTED_INCLUDE_IN_FRAMEWORK_HEADER = YES;
				CLANG_WARN_RANGE_LOOP_ANALYSIS = YES;
				CLANG_WARN_STRICT_PROTOTYPES = YES;
				CLANG_WARN_SUSPICIOUS_MOVE = YES;
				CLANG_WARN_UNGUARDED_AVAILABILITY = YES_AGGRESSIVE;
				CLANG_WARN_UNREACHABLE_CODE = YES;
				CLANG_WARN__DUPLICATE_METHOD_MATCH = YES;
				COPY_PHASE_STRIP = NO;
				DEBUG_INFORMATION_FORMAT = "dwarf-with-dsym";
				ENABLE_NS_ASSERTIONS = NO;
				ENABLE_STRICT_OBJC_MSGSEND = YES;
				GCC_C_LANGUAGE_STANDARD = gnu11;
				GCC_NO_COMMON_BLOCKS = YES;
				GCC_WARN_64_TO_32_BIT_CONVERSION = YES;
				GCC_WARN_ABOUT_RETURN_TYPE = YES_ERROR;
				GCC_WARN_UNDECLARED_SELECTOR = YES;
				GCC_WARN_UNINITIALIZED_AUTOS = YES_AGGRESSIVE;
				GCC_WARN_UNUSED_FUNCTION = YES;
				GCC_WARN_UNUSED_VARIABLE = YES;
				IPHONEOS_DEPLOYMENT_TARGET = 14.4;
				MTL_ENABLE_DEBUG_INFO = NO;
				MTL_FAST_MATH = YES;
				SDKROOT = iphoneos;
				SWIFT_COMPILATION_MODE = wholemodule;
				SWIFT_OPTIMIZATION_LEVEL = "-O";
				VALIDATE_PRODUCT = YES;
			};
			name = Release;
		};
		6E9CAF6326BDC3EA00A137BA /* Debug */ = {
			isa = XCBuildConfiguration;
			buildSettings = {
				ASSETCATALOG_COMPILER_APPICON_NAME = AppIcon;
				ASSETCATALOG_COMPILER_GLOBAL_ACCENT_COLOR_NAME = AccentColor;
				CODE_SIGN_STYLE = Automatic;
				INFOPLIST_FILE = EmojiRater/ResourceFiles/Info.plist;
				LD_RUNPATH_SEARCH_PATHS = (
					"$(inherited)",
					"@executable_path/Frameworks",
				);
				PRODUCT_BUNDLE_IDENTIFIER = com.teste.EmojiRater;
				PRODUCT_NAME = "$(TARGET_NAME)";
				SWIFT_VERSION = 5.0;
				TARGETED_DEVICE_FAMILY = "1,2";
			};
			name = Debug;
		};
		6E9CAF6426BDC3EA00A137BA /* Release */ = {
			isa = XCBuildConfiguration;
			buildSettings = {
				ASSETCATALOG_COMPILER_APPICON_NAME = AppIcon;
				ASSETCATALOG_COMPILER_GLOBAL_ACCENT_COLOR_NAME = AccentColor;
				CODE_SIGN_STYLE = Automatic;
				INFOPLIST_FILE = EmojiRater/ResourceFiles/Info.plist;
				LD_RUNPATH_SEARCH_PATHS = (
					"$(inherited)",
					"@executable_path/Frameworks",
				);
				PRODUCT_BUNDLE_IDENTIFIER = com.teste.EmojiRater;
				PRODUCT_NAME = "$(TARGET_NAME)";
				SWIFT_VERSION = 5.0;
				TARGETED_DEVICE_FAMILY = "1,2";
			};
			name = Release;
		};
/* End XCBuildConfiguration section */

/* Begin XCConfigurationList section */
		6E9CAF4926BDC3E700A137BA /* Build configuration list for PBXProject "EmojiRater" */ = {
			isa = XCConfigurationList;
			buildConfigurations = (
				6E9CAF6026BDC3EA00A137BA /* Debug */,
				6E9CAF6126BDC3EA00A137BA /* Release */,
			);
			defaultConfigurationIsVisible = 0;
			defaultConfigurationName = Release;
		};
		6E9CAF6226BDC3EA00A137BA /* Build configuration list for PBXNativeTarget "EmojiRater" */ = {
			isa = XCConfigurationList;
			buildConfigurations = (
				6E9CAF6326BDC3EA00A137BA /* Debug */,
				6E9CAF6426BDC3EA00A137BA /* Release */,
			);
			defaultConfigurationIsVisible = 0;
			defaultConfigurationName = Release;
		};
/* End XCConfigurationList section */
	};
	rootObject = 6E9CAF4626BDC3E700A137BA /* Project object */;
}
