// !$*UTF8*$!
{
	archiveVersion = 1;
	classes = {
	};
	objectVersion = 50;
	objects = {

/* Begin PBXBuildFile section */
		6E6411F526BC19CA00CE1DB5 /* AppDelegate.swift in Sources */ = {isa = PBXBuildFile; fileRef = 6E6411F426BC19CA00CE1DB5 /* AppDelegate.swift */; };
		6E6411F726BC19CA00CE1DB5 /* SceneDelegate.swift in Sources */ = {isa = PBXBuildFile; fileRef = 6E6411F626BC19CA00CE1DB5 /* SceneDelegate.swift */; };
		6E6411F926BC19CA00CE1DB5 /* CustomViewController.swift in Sources */ = {isa = PBXBuildFile; fileRef = 6E6411F826BC19CA00CE1DB5 /* CustomViewController.swift */; };
		6E6411FE26BC19CC00CE1DB5 /* Assets.xcassets in Resources */ = {isa = PBXBuildFile; fileRef = 6E6411FD26BC19CC00CE1DB5 /* Assets.xcassets */; };
		6E64120126BC19CC00CE1DB5 /* LaunchScreen.storyboard in Resources */ = {isa = PBXBuildFile; fileRef = 6E6411FF26BC19CC00CE1DB5 /* LaunchScreen.storyboard */; };
		6E9CAF3426BD7DC100A137BA /* CustomAsyncFetcher.swift in Sources */ = {isa = PBXBuildFile; fileRef = 6E9CAF3326BD7DC100A137BA /* CustomAsyncFetcher.swift */; };
		6E9CAF3726BD7DED00A137BA /* AsyncFetcherType.swift in Sources */ = {isa = PBXBuildFile; fileRef = 6E9CAF3626BD7DED00A137BA /* AsyncFetcherType.swift */; };
		6E9CAF3D26BDAF5B00A137BA /* CollectionViewDataSource+CustomModel+Extension.swift in Sources */ = {isa = PBXBuildFile; fileRef = 6E9CAF3C26BDAF5B00A137BA /* CollectionViewDataSource+CustomModel+Extension.swift */; };
		6E9CAF4326BDB7AF00A137BA /* UIScrollView+Extension.swift in Sources */ = {isa = PBXBuildFile; fileRef = 6E9CAF4226BDB7AF00A137BA /* UIScrollView+Extension.swift */; };
		6EB573C426BC682A00C9853B /* CollectionViewDataSource.swift in Sources */ = {isa = PBXBuildFile; fileRef = 6EB573C326BC682A00C9853B /* CollectionViewDataSource.swift */; };
		6EB573C726BC685A00C9853B /* CustomModel.swift in Sources */ = {isa = PBXBuildFile; fileRef = 6EB573C626BC685A00C9853B /* CustomModel.swift */; };
		6EB573CB26BC688400C9853B /* CustomPresenter.swift in Sources */ = {isa = PBXBuildFile; fileRef = 6EB573CA26BC688400C9853B /* CustomPresenter.swift */; };
		6EB573CF26BC69FA00C9853B /* CustomCollectionViewCell.swift in Sources */ = {isa = PBXBuildFile; fileRef = 6EB573CE26BC69FA00C9853B /* CustomCollectionViewCell.swift */; };
		6EB573D526BC6A5F00C9853B /* DisplayData.swift in Sources */ = {isa = PBXBuildFile; fileRef = 6EB573D426BC6A5F00C9853B /* DisplayData.swift */; };
		6EB573DB26BC6AF400C9853B /* AsyncFetcher.swift in Sources */ = {isa = PBXBuildFile; fileRef = 6EB573DA26BC6AF400C9853B /* AsyncFetcher.swift */; };
		6EB573DE26BC6BA300C9853B /* AsyncFetcherOperation.swift in Sources */ = {isa = PBXBuildFile; fileRef = 6EB573DD26BC6BA300C9853B /* AsyncFetcherOperation.swift */; };
		6EB573F526BCB7FA00C9853B /* Identifiable.swift in Sources */ = {isa = PBXBuildFile; fileRef = 6EB573F426BCB7FA00C9853B /* Identifiable.swift */; };
/* End PBXBuildFile section */

/* Begin PBXFileReference section */
		6E6411F126BC19CA00CE1DB5 /* CollectionViewPrefetching.app */ = {isa = PBXFileReference; explicitFileType = wrapper.application; includeInIndex = 0; path = CollectionViewPrefetching.app; sourceTree = BUILT_PRODUCTS_DIR; };
		6E6411F426BC19CA00CE1DB5 /* AppDelegate.swift */ = {isa = PBXFileReference; lastKnownFileType = sourcecode.swift; path = AppDelegate.swift; sourceTree = "<group>"; };
		6E6411F626BC19CA00CE1DB5 /* SceneDelegate.swift */ = {isa = PBXFileReference; lastKnownFileType = sourcecode.swift; path = SceneDelegate.swift; sourceTree = "<group>"; };
		6E6411F826BC19CA00CE1DB5 /* CustomViewController.swift */ = {isa = PBXFileReference; lastKnownFileType = sourcecode.swift; path = CustomViewController.swift; sourceTree = "<group>"; };
		6E6411FD26BC19CC00CE1DB5 /* Assets.xcassets */ = {isa = PBXFileReference; lastKnownFileType = folder.assetcatalog; path = Assets.xcassets; sourceTree = "<group>"; };
		6E64120026BC19CC00CE1DB5 /* Base */ = {isa = PBXFileReference; lastKnownFileType = file.storyboard; name = Base; path = Base.lproj/LaunchScreen.storyboard; sourceTree = "<group>"; };
		6E64120226BC19CC00CE1DB5 /* Info.plist */ = {isa = PBXFileReference; lastKnownFileType = text.plist.xml; path = Info.plist; sourceTree = "<group>"; };
		6E9CAF3326BD7DC100A137BA /* CustomAsyncFetcher.swift */ = {isa = PBXFileReference; lastKnownFileType = sourcecode.swift; path = CustomAsyncFetcher.swift; sourceTree = "<group>"; };
		6E9CAF3626BD7DED00A137BA /* AsyncFetcherType.swift */ = {isa = PBXFileReference; lastKnownFileType = sourcecode.swift; path = AsyncFetcherType.swift; sourceTree = "<group>"; };
		6E9CAF3C26BDAF5B00A137BA /* CollectionViewDataSource+CustomModel+Extension.swift */ = {isa = PBXFileReference; lastKnownFileType = sourcecode.swift; path = "CollectionViewDataSource+CustomModel+Extension.swift"; sourceTree = "<group>"; };
		6E9CAF4226BDB7AF00A137BA /* UIScrollView+Extension.swift */ = {isa = PBXFileReference; lastKnownFileType = sourcecode.swift; path = "UIScrollView+Extension.swift"; sourceTree = "<group>"; };
		6EB573C326BC682A00C9853B /* CollectionViewDataSource.swift */ = {isa = PBXFileReference; lastKnownFileType = sourcecode.swift; path = CollectionViewDataSource.swift; sourceTree = "<group>"; };
		6EB573C626BC685A00C9853B /* CustomModel.swift */ = {isa = PBXFileReference; lastKnownFileType = sourcecode.swift; path = CustomModel.swift; sourceTree = "<group>"; };
		6EB573CA26BC688400C9853B /* CustomPresenter.swift */ = {isa = PBXFileReference; lastKnownFileType = sourcecode.swift; path = CustomPresenter.swift; sourceTree = "<group>"; };
		6EB573CE26BC69FA00C9853B /* CustomCollectionViewCell.swift */ = {isa = PBXFileReference; lastKnownFileType = sourcecode.swift; path = CustomCollectionViewCell.swift; sourceTree = "<group>"; };
		6EB573D426BC6A5F00C9853B /* DisplayData.swift */ = {isa = PBXFileReference; lastKnownFileType = sourcecode.swift; path = DisplayData.swift; sourceTree = "<group>"; };
		6EB573DA26BC6AF400C9853B /* AsyncFetcher.swift */ = {isa = PBXFileReference; lastKnownFileType = sourcecode.swift; path = AsyncFetcher.swift; sourceTree = "<group>"; };
		6EB573DD26BC6BA300C9853B /* AsyncFetcherOperation.swift */ = {isa = PBXFileReference; lastKnownFileType = sourcecode.swift; path = AsyncFetcherOperation.swift; sourceTree = "<group>"; };
		6EB573F426BCB7FA00C9853B /* Identifiable.swift */ = {isa = PBXFileReference; lastKnownFileType = sourcecode.swift; path = Identifiable.swift; sourceTree = "<group>"; };
/* End PBXFileReference section */

/* Begin PBXFrameworksBuildPhase section */
		6E6411EE26BC19CA00CE1DB5 /* Frameworks */ = {
			isa = PBXFrameworksBuildPhase;
			buildActionMask = 2147483647;
			files = (
			);
			runOnlyForDeploymentPostprocessing = 0;
		};
/* End PBXFrameworksBuildPhase section */

/* Begin PBXGroup section */
		6E6411E826BC19CA00CE1DB5 = {
			isa = PBXGroup;
			children = (
				6E6411F326BC19CA00CE1DB5 /* CollectionViewPrefetching */,
				6E6411F226BC19CA00CE1DB5 /* Products */,
			);
			sourceTree = "<group>";
		};
		6E6411F226BC19CA00CE1DB5 /* Products */ = {
			isa = PBXGroup;
			children = (
				6E6411F126BC19CA00CE1DB5 /* CollectionViewPrefetching.app */,
			);
			name = Products;
			sourceTree = "<group>";
		};
		6E6411F326BC19CA00CE1DB5 /* CollectionViewPrefetching */ = {
			isa = PBXGroup;
			children = (
				6E6411F426BC19CA00CE1DB5 /* AppDelegate.swift */,
				6E6411F626BC19CA00CE1DB5 /* SceneDelegate.swift */,
				6E9CAF4026BDAF7300A137BA /* DataSource */,
				6EB573D826BC6AA100C9853B /* AsyncDataFetcher */,
				6EB573C126BC677F00C9853B /* Scenes */,
				6EB573C026BC675B00C9853B /* Resources */,
			);
			path = CollectionViewPrefetching;
			sourceTree = "<group>";
		};
		6E9CAF3926BDAEC600A137BA /* Cell */ = {
			isa = PBXGroup;
			children = (
				6EB573CE26BC69FA00C9853B /* CustomCollectionViewCell.swift */,
			);
			path = Cell;
			sourceTree = "<group>";
		};
		6E9CAF3A26BDAEEC00A137BA /* DataSource */ = {
			isa = PBXGroup;
			children = (
				6E9CAF3C26BDAF5B00A137BA /* CollectionViewDataSource+CustomModel+Extension.swift */,
			);
			path = DataSource;
			sourceTree = "<group>";
		};
		6E9CAF3B26BDAEF900A137BA /* AsyncFetcher */ = {
			isa = PBXGroup;
			children = (
				6E9CAF3326BD7DC100A137BA /* CustomAsyncFetcher.swift */,
			);
			path = AsyncFetcher;
			sourceTree = "<group>";
		};
		6E9CAF4026BDAF7300A137BA /* DataSource */ = {
			isa = PBXGroup;
			children = (
				6EB573C326BC682A00C9853B /* CollectionViewDataSource.swift */,
				6E9CAF4226BDB7AF00A137BA /* UIScrollView+Extension.swift */,
			);
			path = DataSource;
			sourceTree = "<group>";
		};
		6EB573C026BC675B00C9853B /* Resources */ = {
			isa = PBXGroup;
			children = (
				6E6411FD26BC19CC00CE1DB5 /* Assets.xcassets */,
				6E6411FF26BC19CC00CE1DB5 /* LaunchScreen.storyboard */,
				6E64120226BC19CC00CE1DB5 /* Info.plist */,
			);
			path = Resources;
			sourceTree = "<group>";
		};
		6EB573C126BC677F00C9853B /* Scenes */ = {
			isa = PBXGroup;
			children = (
				6EB573D126BC69FD00C9853B /* Model */,
				6EB573D326BC6A0A00C9853B /* Presenter */,
				6EB573D226BC6A0200C9853B /* View */,
			);
			path = Scenes;
			sourceTree = "<group>";
		};
		6EB573D126BC69FD00C9853B /* Model */ = {
			isa = PBXGroup;
			children = (
				6EB573C626BC685A00C9853B /* CustomModel.swift */,
			);
			path = Model;
			sourceTree = "<group>";
		};
		6EB573D226BC6A0200C9853B /* View */ = {
			isa = PBXGroup;
			children = (
				6E9CAF3B26BDAEF900A137BA /* AsyncFetcher */,
				6E9CAF3A26BDAEEC00A137BA /* DataSource */,
				6E9CAF3926BDAEC600A137BA /* Cell */,
				6E6411F826BC19CA00CE1DB5 /* CustomViewController.swift */,
			);
			path = View;
			sourceTree = "<group>";
		};
		6EB573D326BC6A0A00C9853B /* Presenter */ = {
			isa = PBXGroup;
			children = (
				6EB573CA26BC688400C9853B /* CustomPresenter.swift */,
			);
			path = Presenter;
			sourceTree = "<group>";
		};
		6EB573D826BC6AA100C9853B /* AsyncDataFetcher */ = {
			isa = PBXGroup;
			children = (
				6EB573D426BC6A5F00C9853B /* DisplayData.swift */,
				6EB573F426BCB7FA00C9853B /* Identifiable.swift */,
				6EB573DA26BC6AF400C9853B /* AsyncFetcher.swift */,
				6EB573DD26BC6BA300C9853B /* AsyncFetcherOperation.swift */,
				6E9CAF3626BD7DED00A137BA /* AsyncFetcherType.swift */,
			);
			path = AsyncDataFetcher;
			sourceTree = "<group>";
		};
/* End PBXGroup section */

/* Begin PBXNativeTarget section */
		6E6411F026BC19CA00CE1DB5 /* CollectionViewPrefetching */ = {
			isa = PBXNativeTarget;
			buildConfigurationList = 6E64120526BC19CC00CE1DB5 /* Build configuration list for PBXNativeTarget "CollectionViewPrefetching" */;
			buildPhases = (
				6E6411ED26BC19CA00CE1DB5 /* Sources */,
				6E6411EE26BC19CA00CE1DB5 /* Frameworks */,
				6E6411EF26BC19CA00CE1DB5 /* Resources */,
			);
			buildRules = (
			);
			dependencies = (
			);
			name = CollectionViewPrefetching;
			productName = CollectionViewPrefetching;
			productReference = 6E6411F126BC19CA00CE1DB5 /* CollectionViewPrefetching.app */;
			productType = "com.apple.product-type.application";
		};
/* End PBXNativeTarget section */

/* Begin PBXProject section */
		6E6411E926BC19CA00CE1DB5 /* Project object */ = {
			isa = PBXProject;
			attributes = {
				LastSwiftUpdateCheck = 1240;
				LastUpgradeCheck = 1240;
				TargetAttributes = {
					6E6411F026BC19CA00CE1DB5 = {
						CreatedOnToolsVersion = 12.4;
					};
				};
			};
			buildConfigurationList = 6E6411EC26BC19CA00CE1DB5 /* Build configuration list for PBXProject "CollectionViewPrefetching" */;
			compatibilityVersion = "Xcode 9.3";
			developmentRegion = en;
			hasScannedForEncodings = 0;
			knownRegions = (
				en,
				Base,
			);
			mainGroup = 6E6411E826BC19CA00CE1DB5;
			productRefGroup = 6E6411F226BC19CA00CE1DB5 /* Products */;
			projectDirPath = "";
			projectRoot = "";
			targets = (
				6E6411F026BC19CA00CE1DB5 /* CollectionViewPrefetching */,
			);
		};
/* End PBXProject section */

/* Begin PBXResourcesBuildPhase section */
		6E6411EF26BC19CA00CE1DB5 /* Resources */ = {
			isa = PBXResourcesBuildPhase;
			buildActionMask = 2147483647;
			files = (
				6E64120126BC19CC00CE1DB5 /* LaunchScreen.storyboard in Resources */,
				6E6411FE26BC19CC00CE1DB5 /* Assets.xcassets in Resources */,
			);
			runOnlyForDeploymentPostprocessing = 0;
		};
/* End PBXResourcesBuildPhase section */

/* Begin PBXSourcesBuildPhase section */
		6E6411ED26BC19CA00CE1DB5 /* Sources */ = {
			isa = PBXSourcesBuildPhase;
			buildActionMask = 2147483647;
			files = (
				6EB573CB26BC688400C9853B /* CustomPresenter.swift in Sources */,
				6E9CAF3426BD7DC100A137BA /* CustomAsyncFetcher.swift in Sources */,
				6E9CAF3726BD7DED00A137BA /* AsyncFetcherType.swift in Sources */,
				6EB573C726BC685A00C9853B /* CustomModel.swift in Sources */,
				6E9CAF4326BDB7AF00A137BA /* UIScrollView+Extension.swift in Sources */,
				6EB573DE26BC6BA300C9853B /* AsyncFetcherOperation.swift in Sources */,
				6EB573CF26BC69FA00C9853B /* CustomCollectionViewCell.swift in Sources */,
				6E6411F926BC19CA00CE1DB5 /* CustomViewController.swift in Sources */,
				6EB573DB26BC6AF400C9853B /* AsyncFetcher.swift in Sources */,
				6EB573D526BC6A5F00C9853B /* DisplayData.swift in Sources */,
				6E6411F526BC19CA00CE1DB5 /* AppDelegate.swift in Sources */,
				6E9CAF3D26BDAF5B00A137BA /* CollectionViewDataSource+CustomModel+Extension.swift in Sources */,
				6EB573F526BCB7FA00C9853B /* Identifiable.swift in Sources */,
				6E6411F726BC19CA00CE1DB5 /* SceneDelegate.swift in Sources */,
				6EB573C426BC682A00C9853B /* CollectionViewDataSource.swift in Sources */,
			);
			runOnlyForDeploymentPostprocessing = 0;
		};
/* End PBXSourcesBuildPhase section */

/* Begin PBXVariantGroup section */
		6E6411FF26BC19CC00CE1DB5 /* LaunchScreen.storyboard */ = {
			isa = PBXVariantGroup;
			children = (
				6E64120026BC19CC00CE1DB5 /* Base */,
			);
			name = LaunchScreen.storyboard;
			sourceTree = "<group>";
		};
/* End PBXVariantGroup section */

/* Begin XCBuildConfiguration section */
		6E64120326BC19CC00CE1DB5 /* Debug */ = {
			isa = XCBuildConfiguration;
			buildSettings = {
				ALWAYS_SEARCH_USER_PATHS = NO;
				CLANG_ANALYZER_NONNULL = YES;
				CLANG_ANALYZER_NUMBER_OBJECT_CONVERSION = YES_AGGRESSIVE;
				CLANG_CXX_LANGUAGE_STANDARD = "gnu++14";
				CLANG_CXX_LIBRARY = "libc++";
				CLANG_ENABLE_MODULES = YES;
				CLANG_ENABLE_OBJC_ARC = YES;
				CLANG_ENABLE_OBJC_WEAK = YES;
				CLANG_WARN_BLOCK_CAPTURE_AUTORELEASING = YES;
				CLANG_WARN_BOOL_CONVERSION = YES;
				CLANG_WARN_COMMA = YES;
				CLANG_WARN_CONSTANT_CONVERSION = YES;
				CLANG_WARN_DEPRECATED_OBJC_IMPLEMENTATIONS = YES;
				CLANG_WARN_DIRECT_OBJC_ISA_USAGE = YES_ERROR;
				CLANG_WARN_DOCUMENTATION_COMMENTS = YES;
				CLANG_WARN_EMPTY_BODY = YES;
				CLANG_WARN_ENUM_CONVERSION = YES;
				CLANG_WARN_INFINITE_RECURSION = YES;
				CLANG_WARN_INT_CONVERSION = YES;
				CLANG_WARN_NON_LITERAL_NULL_CONVERSION = YES;
				CLANG_WARN_OBJC_IMPLICIT_RETAIN_SELF = YES;
				CLANG_WARN_OBJC_LITERAL_CONVERSION = YES;
				CLANG_WARN_OBJC_ROOT_CLASS = YES_ERROR;
				CLANG_WARN_QUOTED_INCLUDE_IN_FRAMEWORK_HEADER = YES;
				CLANG_WARN_RANGE_LOOP_ANALYSIS = YES;
				CLANG_WARN_STRICT_PROTOTYPES = YES;
				CLANG_WARN_SUSPICIOUS_MOVE = YES;
				CLANG_WARN_UNGUARDED_AVAILABILITY = YES_AGGRESSIVE;
				CLANG_WARN_UNREACHABLE_CODE = YES;
				CLANG_WARN__DUPLICATE_METHOD_MATCH = YES;
				COPY_PHASE_STRIP = NO;
				DEBUG_INFORMATION_FORMAT = dwarf;
				ENABLE_STRICT_OBJC_MSGSEND = YES;
				ENABLE_TESTABILITY = YES;
				GCC_C_LANGUAGE_STANDARD = gnu11;
				GCC_DYNAMIC_NO_PIC = NO;
				GCC_NO_COMMON_BLOCKS = YES;
				GCC_OPTIMIZATION_LEVEL = 0;
				GCC_PREPROCESSOR_DEFINITIONS = (
					"DEBUG=1",
					"$(inherited)",
				);
				GCC_WARN_64_TO_32_BIT_CONVERSION = YES;
				GCC_WARN_ABOUT_RETURN_TYPE = YES_ERROR;
				GCC_WARN_UNDECLARED_SELECTOR = YES;
				GCC_WARN_UNINITIALIZED_AUTOS = YES_AGGRESSIVE;
				GCC_WARN_UNUSED_FUNCTION = YES;
				GCC_WARN_UNUSED_VARIABLE = YES;
				IPHONEOS_DEPLOYMENT_TARGET = 14.4;
				MTL_ENABLE_DEBUG_INFO = INCLUDE_SOURCE;
				MTL_FAST_MATH = YES;
				ONLY_ACTIVE_ARCH = YES;
				SDKROOT = iphoneos;
				SWIFT_ACTIVE_COMPILATION_CONDITIONS = DEBUG;
				SWIFT_OPTIMIZATION_LEVEL = "-Onone";
			};
			name = Debug;
		};
		6E64120426BC19CC00CE1DB5 /* Release */ = {
			isa = XCBuildConfiguration;
			buildSettings = {
				ALWAYS_SEARCH_USER_PATHS = NO;
				CLANG_ANALYZER_NONNULL = YES;
				CLANG_ANALYZER_NUMBER_OBJECT_CONVERSION = YES_AGGRESSIVE;
				CLANG_CXX_LANGUAGE_STANDARD = "gnu++14";
				CLANG_CXX_LIBRARY = "libc++";
				CLANG_ENABLE_MODULES = YES;
				CLANG_ENABLE_OBJC_ARC = YES;
				CLANG_ENABLE_OBJC_WEAK = YES;
				CLANG_WARN_BLOCK_CAPTURE_AUTORELEASING = YES;
				CLANG_WARN_BOOL_CONVERSION = YES;
				CLANG_WARN_COMMA = YES;
				CLANG_WARN_CONSTANT_CONVERSION = YES;
				CLANG_WARN_DEPRECATED_OBJC_IMPLEMENTATIONS = YES;
				CLANG_WARN_DIRECT_OBJC_ISA_USAGE = YES_ERROR;
				CLANG_WARN_DOCUMENTATION_COMMENTS = YES;
				CLANG_WARN_EMPTY_BODY = YES;
				CLANG_WARN_ENUM_CONVERSION = YES;
				CLANG_WARN_INFINITE_RECURSION = YES;
				CLANG_WARN_INT_CONVERSION = YES;
				CLANG_WARN_NON_LITERAL_NULL_CONVERSION = YES;
				CLANG_WARN_OBJC_IMPLICIT_RETAIN_SELF = YES;
				CLANG_WARN_OBJC_LITERAL_CONVERSION = YES;
				CLANG_WARN_OBJC_ROOT_CLASS = YES_ERROR;
				CLANG_WARN_QUOTED_INCLUDE_IN_FRAMEWORK_HEADER = YES;
				CLANG_WARN_RANGE_LOOP_ANALYSIS = YES;
				CLANG_WARN_STRICT_PROTOTYPES = YES;
				CLANG_WARN_SUSPICIOUS_MOVE = YES;
				CLANG_WARN_UNGUARDED_AVAILABILITY = YES_AGGRESSIVE;
				CLANG_WARN_UNREACHABLE_CODE = YES;
				CLANG_WARN__DUPLICATE_METHOD_MATCH = YES;
				COPY_PHASE_STRIP = NO;
				DEBUG_INFORMATION_FORMAT = "dwarf-with-dsym";
				ENABLE_NS_ASSERTIONS = NO;
				ENABLE_STRICT_OBJC_MSGSEND = YES;
				GCC_C_LANGUAGE_STANDARD = gnu11;
				GCC_NO_COMMON_BLOCKS = YES;
				GCC_WARN_64_TO_32_BIT_CONVERSION = YES;
				GCC_WARN_ABOUT_RETURN_TYPE = YES_ERROR;
				GCC_WARN_UNDECLARED_SELECTOR = YES;
				GCC_WARN_UNINITIALIZED_AUTOS = YES_AGGRESSIVE;
				GCC_WARN_UNUSED_FUNCTION = YES;
				GCC_WARN_UNUSED_VARIABLE = YES;
				IPHONEOS_DEPLOYMENT_TARGET = 14.4;
				MTL_ENABLE_DEBUG_INFO = NO;
				MTL_FAST_MATH = YES;
				SDKROOT = iphoneos;
				SWIFT_COMPILATION_MODE = wholemodule;
				SWIFT_OPTIMIZATION_LEVEL = "-O";
				VALIDATE_PRODUCT = YES;
			};
			name = Release;
		};
		6E64120626BC19CC00CE1DB5 /* Debug */ = {
			isa = XCBuildConfiguration;
			buildSettings = {
				ASSETCATALOG_COMPILER_APPICON_NAME = AppIcon;
				ASSETCATALOG_COMPILER_GLOBAL_ACCENT_COLOR_NAME = AccentColor;
				CODE_SIGN_STYLE = Automatic;
				INFOPLIST_FILE = CollectionViewPrefetching/Resources/Info.plist;
				LD_RUNPATH_SEARCH_PATHS = (
					"$(inherited)",
					"@executable_path/Frameworks",
				);
				PRODUCT_BUNDLE_IDENTIFIER = com.teste.CollectionViewPrefetching;
				PRODUCT_NAME = "$(TARGET_NAME)";
				SWIFT_VERSION = 5.0;
				TARGETED_DEVICE_FAMILY = "1,2";
			};
			name = Debug;
		};
		6E64120726BC19CC00CE1DB5 /* Release */ = {
			isa = XCBuildConfiguration;
			buildSettings = {
				ASSETCATALOG_COMPILER_APPICON_NAME = AppIcon;
				ASSETCATALOG_COMPILER_GLOBAL_ACCENT_COLOR_NAME = AccentColor;
				CODE_SIGN_STYLE = Automatic;
				INFOPLIST_FILE = CollectionViewPrefetching/Resources/Info.plist;
				LD_RUNPATH_SEARCH_PATHS = (
					"$(inherited)",
					"@executable_path/Frameworks",
				);
				PRODUCT_BUNDLE_IDENTIFIER = com.teste.CollectionViewPrefetching;
				PRODUCT_NAME = "$(TARGET_NAME)";
				SWIFT_VERSION = 5.0;
				TARGETED_DEVICE_FAMILY = "1,2";
			};
			name = Release;
		};
/* End XCBuildConfiguration section */

/* Begin XCConfigurationList section */
		6E6411EC26BC19CA00CE1DB5 /* Build configuration list for PBXProject "CollectionViewPrefetching" */ = {
			isa = XCConfigurationList;
			buildConfigurations = (
				6E64120326BC19CC00CE1DB5 /* Debug */,
				6E64120426BC19CC00CE1DB5 /* Release */,
			);
			defaultConfigurationIsVisible = 0;
			defaultConfigurationName = Release;
		};
		6E64120526BC19CC00CE1DB5 /* Build configuration list for PBXNativeTarget "CollectionViewPrefetching" */ = {
			isa = XCConfigurationList;
			buildConfigurations = (
				6E64120626BC19CC00CE1DB5 /* Debug */,
				6E64120726BC19CC00CE1DB5 /* Release */,
			);
			defaultConfigurationIsVisible = 0;
			defaultConfigurationName = Release;
		};
/* End XCConfigurationList section */
	};
	rootObject = 6E6411E926BC19CA00CE1DB5 /* Project object */;
}
